// !$*UTF8*$!
{
	archiveVersion = 1;
	classes = {
	};
	objectVersion = 50;
	objects = {

/* Begin PBXBuildFile section */
		040FC8D42493287C00CC6A88 /* AppDelegate.swift in Sources */ = {isa = PBXBuildFile; fileRef = 040FC8D32493287C00CC6A88 /* AppDelegate.swift */; };
		040FC8D62493287C00CC6A88 /* SceneDelegate.swift in Sources */ = {isa = PBXBuildFile; fileRef = 040FC8D52493287C00CC6A88 /* SceneDelegate.swift */; };
		040FC8DB2493287C00CC6A88 /* Main.storyboard in Resources */ = {isa = PBXBuildFile; fileRef = 040FC8D92493287C00CC6A88 /* Main.storyboard */; };
		040FC8E02493288200CC6A88 /* LaunchScreen.storyboard in Resources */ = {isa = PBXBuildFile; fileRef = 040FC8DE2493288200CC6A88 /* LaunchScreen.storyboard */; };
		040FC8EC249331D600CC6A88 /* TableViewController.swift in Sources */ = {isa = PBXBuildFile; fileRef = 040FC8EB249331D600CC6A88 /* TableViewController.swift */; };
		046D4D882495822100120869 /* weatherDetails.swift in Sources */ = {isa = PBXBuildFile; fileRef = 046D4D872495822100120869 /* weatherDetails.swift */; };
		046D4D8B2496008700120869 /* Networking.swift in Sources */ = {isa = PBXBuildFile; fileRef = 046D4D892496008700120869 /* Networking.swift */; };
		046D4D8C2496008700120869 /* Models.swift in Sources */ = {isa = PBXBuildFile; fileRef = 046D4D8A2496008700120869 /* Models.swift */; };
		046D4D9924960F0E00120869 /* Assest.xcassets in Resources */ = {isa = PBXBuildFile; fileRef = 046D4D9824960F0E00120869 /* Assest.xcassets */; };
		046D4DA924974B4900120869 /* Country.swift in Sources */ = {isa = PBXBuildFile; fileRef = 046D4DA824974B4900120869 /* Country.swift */; };
/* End PBXBuildFile section */

/* Begin PBXFileReference section */
		040FC8D02493287C00CC6A88 /* iOSClaswork8.app */ = {isa = PBXFileReference; explicitFileType = wrapper.application; includeInIndex = 0; path = iOSClaswork8.app; sourceTree = BUILT_PRODUCTS_DIR; };
		040FC8D32493287C00CC6A88 /* AppDelegate.swift */ = {isa = PBXFileReference; lastKnownFileType = sourcecode.swift; path = AppDelegate.swift; sourceTree = "<group>"; };
		040FC8D52493287C00CC6A88 /* SceneDelegate.swift */ = {isa = PBXFileReference; lastKnownFileType = sourcecode.swift; path = SceneDelegate.swift; sourceTree = "<group>"; };
		040FC8DA2493287C00CC6A88 /* Base */ = {isa = PBXFileReference; lastKnownFileType = file.storyboard; name = Base; path = Base.lproj/Main.storyboard; sourceTree = "<group>"; };
		040FC8DF2493288200CC6A88 /* Base */ = {isa = PBXFileReference; lastKnownFileType = file.storyboard; name = Base; path = Base.lproj/LaunchScreen.storyboard; sourceTree = "<group>"; };
		040FC8E12493288200CC6A88 /* Info.plist */ = {isa = PBXFileReference; lastKnownFileType = text.plist.xml; path = Info.plist; sourceTree = "<group>"; };
		040FC8EB249331D600CC6A88 /* TableViewController.swift */ = {isa = PBXFileReference; lastKnownFileType = sourcecode.swift; path = TableViewController.swift; sourceTree = "<group>"; };
		046D4D872495822100120869 /* weatherDetails.swift */ = {isa = PBXFileReference; lastKnownFileType = sourcecode.swift; path = weatherDetails.swift; sourceTree = "<group>"; };
		046D4D892496008700120869 /* Networking.swift */ = {isa = PBXFileReference; fileEncoding = 4; lastKnownFileType = sourcecode.swift; path = Networking.swift; sourceTree = "<group>"; };
		046D4D8A2496008700120869 /* Models.swift */ = {isa = PBXFileReference; fileEncoding = 4; lastKnownFileType = sourcecode.swift; path = Models.swift; sourceTree = "<group>"; };
		046D4D9824960F0E00120869 /* Assest.xcassets */ = {isa = PBXFileReference; lastKnownFileType = folder.assetcatalog; path = Assest.xcassets; sourceTree = "<group>"; };
		046D4DA824974B4900120869 /* Country.swift */ = {isa = PBXFileReference; fileEncoding = 4; lastKnownFileType = sourcecode.swift; path = Country.swift; sourceTree = "<group>"; };
/* End PBXFileReference section */

/* Begin PBXFrameworksBuildPhase section */
		040FC8CD2493287C00CC6A88 /* Frameworks */ = {
			isa = PBXFrameworksBuildPhase;
			buildActionMask = 2147483647;
			files = (
			);
			runOnlyForDeploymentPostprocessing = 0;
		};
/* End PBXFrameworksBuildPhase section */

/* Begin PBXGroup section */
		040FC8C72493287C00CC6A88 = {
			isa = PBXGroup;
			children = (
				040FC8D22493287C00CC6A88 /* iOSClasswork8 */,
				040FC8D12493287C00CC6A88 /* Products */,
			);
			sourceTree = "<group>";
		};
		040FC8D12493287C00CC6A88 /* Products */ = {
			isa = PBXGroup;
			children = (
				040FC8D02493287C00CC6A88 /* iOSClaswork8.app */,
			);
			name = Products;
			sourceTree = "<group>";
		};
		040FC8D22493287C00CC6A88 /* iOSClasswork8 */ = {
			isa = PBXGroup;
			children = (
				040FC8D32493287C00CC6A88 /* AppDelegate.swift */,
				040FC8D52493287C00CC6A88 /* SceneDelegate.swift */,
				046D4D9E2496525E00120869 /* Networking */,
				046D4DA12496587E00120869 /* Model */,
				046D4D9F249657AF00120869 /* ViewController */,
				046D4DA0249657C000120869 /* Storyboard */,
				040FC8DE2493288200CC6A88 /* LaunchScreen.storyboard */,
				040FC8E12493288200CC6A88 /* Info.plist */,
				046D4D9824960F0E00120869 /* Assest.xcassets */,
			);
			path = iOSClasswork8;
			sourceTree = "<group>";
		};
		046D4D9E2496525E00120869 /* Networking */ = {
			isa = PBXGroup;
			children = (
				046D4D8A2496008700120869 /* Models.swift */,
				046D4D892496008700120869 /* Networking.swift */,
			);
			path = Networking;
			sourceTree = "<group>";
		};
		046D4D9F249657AF00120869 /* ViewController */ = {
			isa = PBXGroup;
			children = (
				040FC8EB249331D600CC6A88 /* TableViewController.swift */,
				046D4D872495822100120869 /* weatherDetails.swift */,
			);
			path = ViewController;
			sourceTree = "<group>";
		};
		046D4DA0249657C000120869 /* Storyboard */ = {
			isa = PBXGroup;
			children = (
				040FC8D92493287C00CC6A88 /* Main.storyboard */,
			);
			path = Storyboard;
			sourceTree = "<group>";
		};
		046D4DA12496587E00120869 /* Model */ = {
			isa = PBXGroup;
			children = (
				046D4DA824974B4900120869 /* Country.swift */,
			);
			path = Model;
			sourceTree = "<group>";
		};
/* End PBXGroup section */

/* Begin PBXNativeTarget section */
		040FC8CF2493287C00CC6A88 /* iOSClaswork8 */ = {
			isa = PBXNativeTarget;
			buildConfigurationList = 040FC8E42493288200CC6A88 /* Build configuration list for PBXNativeTarget "iOSClaswork8" */;
			buildPhases = (
				040FC8CC2493287C00CC6A88 /* Sources */,
				040FC8CD2493287C00CC6A88 /* Frameworks */,
				040FC8CE2493287C00CC6A88 /* Resources */,
			);
			buildRules = (
			);
			dependencies = (
			);
			name = iOSClaswork8;
			productName = TableViewTemplate;
			productReference = 040FC8D02493287C00CC6A88 /* iOSClaswork8.app */;
			productType = "com.apple.product-type.application";
		};
/* End PBXNativeTarget section */

/* Begin PBXProject section */
		040FC8C82493287C00CC6A88 /* Project object */ = {
			isa = PBXProject;
			attributes = {
				LastSwiftUpdateCheck = 1150;
				LastUpgradeCheck = 1150;
				ORGANIZATIONNAME = "Safeyah Coding";
				TargetAttributes = {
					040FC8CF2493287C00CC6A88 = {
						CreatedOnToolsVersion = 11.5;
					};
				};
			};
			buildConfigurationList = 040FC8CB2493287C00CC6A88 /* Build configuration list for PBXProject "iOSClaswork8" */;
			compatibilityVersion = "Xcode 9.3";
			developmentRegion = en;
			hasScannedForEncodings = 0;
			knownRegions = (
				en,
				Base,
			);
			mainGroup = 040FC8C72493287C00CC6A88;
			productRefGroup = 040FC8D12493287C00CC6A88 /* Products */;
			projectDirPath = "";
			projectRoot = "";
			targets = (
				040FC8CF2493287C00CC6A88 /* iOSClaswork8 */,
			);
		};
/* End PBXProject section */

/* Begin PBXResourcesBuildPhase section */
		040FC8CE2493287C00CC6A88 /* Resources */ = {
			isa = PBXResourcesBuildPhase;
			buildActionMask = 2147483647;
			files = (
				040FC8E02493288200CC6A88 /* LaunchScreen.storyboard in Resources */,
				046D4D9924960F0E00120869 /* Assest.xcassets in Resources */,
				040FC8DB2493287C00CC6A88 /* Main.storyboard in Resources */,
			);
			runOnlyForDeploymentPostprocessing = 0;
		};
/* End PBXResourcesBuildPhase section */

/* Begin PBXSourcesBuildPhase section */
		040FC8CC2493287C00CC6A88 /* Sources */ = {
			isa = PBXSourcesBuildPhase;
			buildActionMask = 2147483647;
			files = (
				040FC8EC249331D600CC6A88 /* TableViewController.swift in Sources */,
				040FC8D42493287C00CC6A88 /* AppDelegate.swift in Sources */,
				046D4D8B2496008700120869 /* Networking.swift in Sources */,
				046D4DA924974B4900120869 /* Country.swift in Sources */,
				046D4D882495822100120869 /* weatherDetails.swift in Sources */,
				040FC8D62493287C00CC6A88 /* SceneDelegate.swift in Sources */,
				046D4D8C2496008700120869 /* Models.swift in Sources */,
			);
			runOnlyForDeploymentPostprocessing = 0;
		};
/* End PBXSourcesBuildPhase section */

/* Begin PBXVariantGroup section */
		040FC8D92493287C00CC6A88 /* Main.storyboard */ = {
			isa = PBXVariantGroup;
			children = (
				040FC8DA2493287C00CC6A88 /* Base */,
			);
			name = Main.storyboard;
			sourceTree = "<group>";
		};
		040FC8DE2493288200CC6A88 /* LaunchScreen.storyboard */ = {
			isa = PBXVariantGroup;
			children = (
				040FC8DF2493288200CC6A88 /* Base */,
			);
			name = LaunchScreen.storyboard;
			sourceTree = "<group>";
		};
/* End PBXVariantGroup section */

/* Begin XCBuildConfiguration section */
		040FC8E22493288200CC6A88 /* Debug */ = {
			isa = XCBuildConfiguration;
			buildSettings = {
				ALWAYS_SEARCH_USER_PATHS = NO;
				CLANG_ANALYZER_NONNULL = YES;
				CLANG_ANALYZER_NUMBER_OBJECT_CONVERSION = YES_AGGRESSIVE;
				CLANG_CXX_LANGUAGE_STANDARD = "gnu++14";
				CLANG_CXX_LIBRARY = "libc++";
				CLANG_ENABLE_MODULES = YES;
				CLANG_ENABLE_OBJC_ARC = YES;
				CLANG_ENABLE_OBJC_WEAK = YES;
				CLANG_WARN_BLOCK_CAPTURE_AUTORELEASING = YES;
				CLANG_WARN_BOOL_CONVERSION = YES;
				CLANG_WARN_COMMA = YES;
				CLANG_WARN_CONSTANT_CONVERSION = YES;
				CLANG_WARN_DEPRECATED_OBJC_IMPLEMENTATIONS = YES;
				CLANG_WARN_DIRECT_OBJC_ISA_USAGE = YES_ERROR;
				CLANG_WARN_DOCUMENTATION_COMMENTS = YES;
				CLANG_WARN_EMPTY_BODY = YES;
				CLANG_WARN_ENUM_CONVERSION = YES;
				CLANG_WARN_INFINITE_RECURSION = YES;
				CLANG_WARN_INT_CONVERSION = YES;
				CLANG_WARN_NON_LITERAL_NULL_CONVERSION = YES;
				CLANG_WARN_OBJC_IMPLICIT_RETAIN_SELF = YES;
				CLANG_WARN_OBJC_LITERAL_CONVERSION = YES;
				CLANG_WARN_OBJC_ROOT_CLASS = YES_ERROR;
				CLANG_WARN_RANGE_LOOP_ANALYSIS = YES;
				CLANG_WARN_STRICT_PROTOTYPES = YES;
				CLANG_WARN_SUSPICIOUS_MOVE = YES;
				CLANG_WARN_UNGUARDED_AVAILABILITY = YES_AGGRESSIVE;
				CLANG_WARN_UNREACHABLE_CODE = YES;
				CLANG_WARN__DUPLICATE_METHOD_MATCH = YES;
				COPY_PHASE_STRIP = NO;
				DEBUG_INFORMATION_FORMAT = dwarf;
				ENABLE_STRICT_OBJC_MSGSEND = YES;
				ENABLE_TESTABILITY = YES;
				GCC_C_LANGUAGE_STANDARD = gnu11;
				GCC_DYNAMIC_NO_PIC = NO;
				GCC_NO_COMMON_BLOCKS = YES;
				GCC_OPTIMIZATION_LEVEL = 0;
				GCC_PREPROCESSOR_DEFINITIONS = (
					"DEBUG=1",
					"$(inherited)",
				);
				GCC_WARN_64_TO_32_BIT_CONVERSION = YES;
				GCC_WARN_ABOUT_RETURN_TYPE = YES_ERROR;
				GCC_WARN_UNDECLARED_SELECTOR = YES;
				GCC_WARN_UNINITIALIZED_AUTOS = YES_AGGRESSIVE;
				GCC_WARN_UNUSED_FUNCTION = YES;
				GCC_WARN_UNUSED_VARIABLE = YES;
				IPHONEOS_DEPLOYMENT_TARGET = 13.5;
				MTL_ENABLE_DEBUG_INFO = INCLUDE_SOURCE;
				MTL_FAST_MATH = YES;
				ONLY_ACTIVE_ARCH = YES;
				SDKROOT = iphoneos;
				SWIFT_ACTIVE_COMPILATION_CONDITIONS = DEBUG;
				SWIFT_OPTIMIZATION_LEVEL = "-Onone";
			};
			name = Debug;
		};
		040FC8E32493288200CC6A88 /* Release */ = {
			isa = XCBuildConfiguration;
			buildSettings = {
				ALWAYS_SEARCH_USER_PATHS = NO;
				CLANG_ANALYZER_NONNULL = YES;
				CLANG_ANALYZER_NUMBER_OBJECT_CONVERSION = YES_AGGRESSIVE;
				CLANG_CXX_LANGUAGE_STANDARD = "gnu++14";
				CLANG_CXX_LIBRARY = "libc++";
				CLANG_ENABLE_MODULES = YES;
				CLANG_ENABLE_OBJC_ARC = YES;
				CLANG_ENABLE_OBJC_WEAK = YES;
				CLANG_WARN_BLOCK_CAPTURE_AUTORELEASING = YES;
				CLANG_WARN_BOOL_CONVERSION = YES;
				CLANG_WARN_COMMA = YES;
				CLANG_WARN_CONSTANT_CONVERSION = YES;
				CLANG_WARN_DEPRECATED_OBJC_IMPLEMENTATIONS = YES;
				CLANG_WARN_DIRECT_OBJC_ISA_USAGE = YES_ERROR;
				CLANG_WARN_DOCUMENTATION_COMMENTS = YES;
				CLANG_WARN_EMPTY_BODY = YES;
				CLANG_WARN_ENUM_CONVERSION = YES;
				CLANG_WARN_INFINITE_RECURSION = YES;
				CLANG_WARN_INT_CONVERSION = YES;
				CLANG_WARN_NON_LITERAL_NULL_CONVERSION = YES;
				CLANG_WARN_OBJC_IMPLICIT_RETAIN_SELF = YES;
				CLANG_WARN_OBJC_LITERAL_CONVERSION = YES;
				CLANG_WARN_OBJC_ROOT_CLASS = YES_ERROR;
				CLANG_WARN_RANGE_LOOP_ANALYSIS = YES;
				CLANG_WARN_STRICT_PROTOTYPES = YES;
				CLANG_WARN_SUSPICIOUS_MOVE = YES;
				CLANG_WARN_UNGUARDED_AVAILABILITY = YES_AGGRESSIVE;
				CLANG_WARN_UNREACHABLE_CODE = YES;
				CLANG_WARN__DUPLICATE_METHOD_MATCH = YES;
				COPY_PHASE_STRIP = NO;
				DEBUG_INFORMATION_FORMAT = "dwarf-with-dsym";
				ENABLE_NS_ASSERTIONS = NO;
				ENABLE_STRICT_OBJC_MSGSEND = YES;
				GCC_C_LANGUAGE_STANDARD = gnu11;
				GCC_NO_COMMON_BLOCKS = YES;
				GCC_WARN_64_TO_32_BIT_CONVERSION = YES;
				GCC_WARN_ABOUT_RETURN_TYPE = YES_ERROR;
				GCC_WARN_UNDECLARED_SELECTOR = YES;
				GCC_WARN_UNINITIALIZED_AUTOS = YES_AGGRESSIVE;
				GCC_WARN_UNUSED_FUNCTION = YES;
				GCC_WARN_UNUSED_VARIABLE = YES;
				IPHONEOS_DEPLOYMENT_TARGET = 13.5;
				MTL_ENABLE_DEBUG_INFO = NO;
				MTL_FAST_MATH = YES;
				SDKROOT = iphoneos;
				SWIFT_COMPILATION_MODE = wholemodule;
				SWIFT_OPTIMIZATION_LEVEL = "-O";
				VALIDATE_PRODUCT = YES;
			};
			name = Release;
		};
		040FC8E52493288200CC6A88 /* Debug */ = {
			isa = XCBuildConfiguration;
			buildSettings = {
				ASSETCATALOG_COMPILER_APPICON_NAME = AppIcon;
				CODE_SIGN_STYLE = Automatic;
				DEVELOPMENT_TEAM = "";
				INFOPLIST_FILE = "/Users/mac/Documents/IOS2020/KuwaitCodes2/day_8/ios-cw-8/IOSClasswork8/iOSClasswork8/info.plist";
				LD_RUNPATH_SEARCH_PATHS = (
					"$(inherited)",
					"@executable_path/Frameworks",
				);
				PRODUCT_BUNDLE_IDENTIFIER = com.kuwaitcodes.iOSClasswork8;
				PRODUCT_NAME = "$(TARGET_NAME)";
				SWIFT_VERSION = 5.0;
				TARGETED_DEVICE_FAMILY = "1,2";
			};
			name = Debug;
		};
		040FC8E62493288200CC6A88 /* Release */ = {
			isa = XCBuildConfiguration;
			buildSettings = {
				ASSETCATALOG_COMPILER_APPICON_NAME = AppIcon;
				CODE_SIGN_STYLE = Automatic;
				DEVELOPMENT_TEAM = "";
				INFOPLIST_FILE = "/Users/mac/Documents/IOS2020/KuwaitCodes2/day_8/ios-cw-8/IOSClasswork8/iOSClasswork8/info.plist";
				LD_RUNPATH_SEARCH_PATHS = (
					"$(inherited)",
					"@executable_path/Frameworks",
				);
				PRODUCT_BUNDLE_IDENTIFIER = com.kuwaitcodes.iOSClasswork8;
				PRODUCT_NAME = "$(TARGET_NAME)";
				SWIFT_VERSION = 5.0;
				TARGETED_DEVICE_FAMILY = "1,2";
			};
			name = Release;
		};
/* End XCBuildConfiguration section */

/* Begin XCConfigurationList section */
		040FC8CB2493287C00CC6A88 /* Build configuration list for PBXProject "iOSClaswork8" */ = {
			isa = XCConfigurationList;
			buildConfigurations = (
				040FC8E22493288200CC6A88 /* Debug */,
				040FC8E32493288200CC6A88 /* Release */,
			);
			defaultConfigurationIsVisible = 0;
			defaultConfigurationName = Release;
		};
		040FC8E42493288200CC6A88 /* Build configuration list for PBXNativeTarget "iOSClaswork8" */ = {
			isa = XCConfigurationList;
			buildConfigurations = (
				040FC8E52493288200CC6A88 /* Debug */,
				040FC8E62493288200CC6A88 /* Release */,
			);
			defaultConfigurationIsVisible = 0;
			defaultConfigurationName = Release;
		};
/* End XCConfigurationList section */
	};
	rootObject = 040FC8C82493287C00CC6A88 /* Project object */;
}
